
Microsoft Visual Studio Solution File, Format Version 12.00
# Visual Studio 15
VisualStudioVersion = 15.0.28010.2046
MinimumVisualStudioVersion = 10.0.40219.1
Project("{8BC9CEB8-8B4A-11D0-8D11-00A0C91BC942}") = "Sandbox", "..\Sandbox\Sandbox.vcxproj", "{5A43690E-9C22-45D0-BCFD-26A8DBDBF7A1}"
EndProject
Project("{8BC9CEB8-8B4A-11D0-8D11-00A0C91BC942}") = "Hazel", "Hazel\Hazel.vcxproj", "{2CD4F6B8-4D28-4A85-8B9A-9759A0E8F4B8}"
EndProject
Global
	GlobalSection(SolutionConfigurationPlatforms) = preSolution
		Debug|x64 = Debug|x64
		Release|x64 = Release|x64
	EndGlobalSection
	GlobalSection(ProjectConfigurationPlatforms) = postSolution
		{2CD4F6B8-4D28-4A85-8B9A-9759A0E8F4B8}.Debug|x64.ActiveCfg = Debug|x64
		{2CD4F6B8-4D28-4A85-8B9A-9759A0E8F4B8}.Debug|x64.Build.0 = Debug|x64
		{2CD4F6B8-4D28-4A85-8B9A-9759A0E8F4B8}.Release|x64.ActiveCfg = Release|x64
		{2CD4F6B8-4D28-4A85-8B9A-9759A0E8F4B8}.Release|x64.Build.0 = Release|x64
		{5A43690E-9C22-45D0-BCFD-26A8DBDBF7A1}.Debug|x64.ActiveCfg = Debug|x64
		{5A43690E-9C22-45D0-BCFD-26A8DBDBF7A1}.Debug|x64.Build.0 = Debug|x64
		{5A43690E-9C22-45D0-BCFD-26A8DBDBF7A1}.Release|x64.ActiveCfg = Release|x64
		{5A43690E-9C22-45D0-BCFD-26A8DBDBF7A1}.Release|x64.Build.0 = Release|x64
	EndGlobalSection
	GlobalSection(SolutionProperties) = preSolution
		HideSolutionNode = FALSE
	EndGlobalSection
	GlobalSection(ExtensibilityGlobals) = postSolution
		SolutionGuid = {467F2D36-C08B-47EE-A1A6-CB61D2DA1DEA}
	EndGlobalSection
EndGlobal
